
Microsoft Visual Studio Solution File, Format Version 12.00
# Visual Studio Version 16
VisualStudioVersion = 16.0.30011.22
MinimumVisualStudioVersion = 10.0.40219.1
Project("{FAE04EC0-301F-11D3-BF4B-00C04F79EFBC}") = "BlazorTransfer", "BlazorTransfer\BlazorTransfer.csproj", "{BBD5C50D-1672-4790-A124-381628C36FAD}"
EndProject
Global
	GlobalSection(SolutionConfigurationPlatforms) = preSolution
		Debug|Any CPU = Debug|Any CPU
		Release|Any CPU = Release|Any CPU
	EndGlobalSection
	GlobalSection(ProjectConfigurationPlatforms) = postSolution
		{BBD5C50D-1672-4790-A124-381628C36FAD}.Debug|Any CPU.ActiveCfg = Debug|Any CPU
		{BBD5C50D-1672-4790-A124-381628C36FAD}.Debug|Any CPU.Build.0 = Debug|Any CPU
		{BBD5C50D-1672-4790-A124-381628C36FAD}.Release|Any CPU.ActiveCfg = Release|Any CPU
		{BBD5C50D-1672-4790-A124-381628C36FAD}.Release|Any CPU.Build.0 = Release|Any CPU
	EndGlobalSection
	GlobalSection(SolutionProperties) = preSolution
		HideSolutionNode = FALSE
	EndGlobalSection
	GlobalSection(ExtensibilityGlobals) = postSolution
		SolutionGuid = {90BFBCA7-5412-4C07-8526-E3D8834F1D44}
	EndGlobalSection
EndGlobal
